
Microsoft Visual Studio Solution File, Format Version 12.00
# Visual Studio Version 16
VisualStudioVersion = 16.0.34114.132
MinimumVisualStudioVersion = 10.0.40219.1
Project("{FAE04EC0-301F-11D3-BF4B-00C04F79EFBC}") = "Web", "Web\Web.csproj", "{74D8A961-6099-4278-B39C-85EEB35E2481}"
EndProject
Project("{FAE04EC0-301F-11D3-BF4B-00C04F79EFBC}") = "Dal", "Dal\Dal.csproj", "{6A626A36-3FCA-454C-9E4D-78701CA462A2}"
EndProject
Project("{FAE04EC0-301F-11D3-BF4B-00C04F79EFBC}") = "Models", "Models\Models.csproj", "{985B8686-2B53-4A4E-8B6F-FC5C12E0C74C}"
EndProject
Project("{2150E333-8FDC-42A3-9474-1A3956D46DE8}") = "Solution Items", "Solution Items", "{B1ACD9FC-F6A7-4A81-B0BE-9B65B1ACE3DB}"
	ProjectSection(SolutionItems) = preProject
		Source.txt = Source.txt
	EndProjectSection
EndProject
Global
	GlobalSection(SolutionConfigurationPlatforms) = preSolution
		Debug|Any CPU = Debug|Any CPU
		Release|Any CPU = Release|Any CPU
	EndGlobalSection
	GlobalSection(ProjectConfigurationPlatforms) = postSolution
		{74D8A961-6099-4278-B39C-85EEB35E2481}.Debug|Any CPU.ActiveCfg = Debug|Any CPU
		{74D8A961-6099-4278-B39C-85EEB35E2481}.Debug|Any CPU.Build.0 = Debug|Any CPU
		{74D8A961-6099-4278-B39C-85EEB35E2481}.Release|Any CPU.ActiveCfg = Release|Any CPU
		{74D8A961-6099-4278-B39C-85EEB35E2481}.Release|Any CPU.Build.0 = Release|Any CPU
		{6A626A36-3FCA-454C-9E4D-78701CA462A2}.Debug|Any CPU.ActiveCfg = Debug|Any CPU
		{6A626A36-3FCA-454C-9E4D-78701CA462A2}.Debug|Any CPU.Build.0 = Debug|Any CPU
		{6A626A36-3FCA-454C-9E4D-78701CA462A2}.Release|Any CPU.ActiveCfg = Release|Any CPU
		{6A626A36-3FCA-454C-9E4D-78701CA462A2}.Release|Any CPU.Build.0 = Release|Any CPU
		{985B8686-2B53-4A4E-8B6F-FC5C12E0C74C}.Debug|Any CPU.ActiveCfg = Debug|Any CPU
		{985B8686-2B53-4A4E-8B6F-FC5C12E0C74C}.Debug|Any CPU.Build.0 = Debug|Any CPU
		{985B8686-2B53-4A4E-8B6F-FC5C12E0C74C}.Release|Any CPU.ActiveCfg = Release|Any CPU
		{985B8686-2B53-4A4E-8B6F-FC5C12E0C74C}.Release|Any CPU.Build.0 = Release|Any CPU
	EndGlobalSection
	GlobalSection(SolutionProperties) = preSolution
		HideSolutionNode = FALSE
	EndGlobalSection
	GlobalSection(ExtensibilityGlobals) = postSolution
		SolutionGuid = {145FC5AF-C34E-4B2A-8AA0-09A4E0620EB3}
	EndGlobalSection
EndGlobal
